// !$*UTF8*$!
{
	archiveVersion = 1;
	classes = {
	};
	objectVersion = 50;
	objects = {

/* Begin PBXBuildFile section */
		976BE62428EB1CC50021FE1F /* AppDelegate.swift in Sources */ = {isa = PBXBuildFile; fileRef = 976BE62328EB1CC50021FE1F /* AppDelegate.swift */; };
		976BE62628EB1CC50021FE1F /* SceneDelegate.swift in Sources */ = {isa = PBXBuildFile; fileRef = 976BE62528EB1CC50021FE1F /* SceneDelegate.swift */; };
		976BE62828EB1CC50021FE1F /* ViewController.swift in Sources */ = {isa = PBXBuildFile; fileRef = 976BE62728EB1CC50021FE1F /* ViewController.swift */; };
		976BE62B28EB1CC50021FE1F /* Main.storyboard in Resources */ = {isa = PBXBuildFile; fileRef = 976BE62928EB1CC50021FE1F /* Main.storyboard */; };
		976BE62D28EB1CCA0021FE1F /* Assets.xcassets in Resources */ = {isa = PBXBuildFile; fileRef = 976BE62C28EB1CCA0021FE1F /* Assets.xcassets */; };
		976BE63028EB1CCB0021FE1F /* LaunchScreen.storyboard in Resources */ = {isa = PBXBuildFile; fileRef = 976BE62E28EB1CCB0021FE1F /* LaunchScreen.storyboard */; };
		976BE63B28EB1CCB0021FE1F /* RandomPhotoTests.swift in Sources */ = {isa = PBXBuildFile; fileRef = 976BE63A28EB1CCB0021FE1F /* RandomPhotoTests.swift */; };
		976BE64628EB1CCB0021FE1F /* RandomPhotoUITests.swift in Sources */ = {isa = PBXBuildFile; fileRef = 976BE64528EB1CCB0021FE1F /* RandomPhotoUITests.swift */; };
/* End PBXBuildFile section */

/* Begin PBXContainerItemProxy section */
		976BE63728EB1CCB0021FE1F /* PBXContainerItemProxy */ = {
			isa = PBXContainerItemProxy;
			containerPortal = 976BE61828EB1CC50021FE1F /* Project object */;
			proxyType = 1;
			remoteGlobalIDString = 976BE61F28EB1CC50021FE1F;
			remoteInfo = RandomPhoto;
		};
		976BE64228EB1CCB0021FE1F /* PBXContainerItemProxy */ = {
			isa = PBXContainerItemProxy;
			containerPortal = 976BE61828EB1CC50021FE1F /* Project object */;
			proxyType = 1;
			remoteGlobalIDString = 976BE61F28EB1CC50021FE1F;
			remoteInfo = RandomPhoto;
		};
/* End PBXContainerItemProxy section */

/* Begin PBXFileReference section */
		976BE62028EB1CC50021FE1F /* RandomPhoto.app */ = {isa = PBXFileReference; explicitFileType = wrapper.application; includeInIndex = 0; path = RandomPhoto.app; sourceTree = BUILT_PRODUCTS_DIR; };
		976BE62328EB1CC50021FE1F /* AppDelegate.swift */ = {isa = PBXFileReference; lastKnownFileType = sourcecode.swift; path = AppDelegate.swift; sourceTree = "<group>"; };
		976BE62528EB1CC50021FE1F /* SceneDelegate.swift */ = {isa = PBXFileReference; lastKnownFileType = sourcecode.swift; path = SceneDelegate.swift; sourceTree = "<group>"; };
		976BE62728EB1CC50021FE1F /* ViewController.swift */ = {isa = PBXFileReference; lastKnownFileType = sourcecode.swift; path = ViewController.swift; sourceTree = "<group>"; };
		976BE62A28EB1CC50021FE1F /* Base */ = {isa = PBXFileReference; lastKnownFileType = file.storyboard; name = Base; path = Base.lproj/Main.storyboard; sourceTree = "<group>"; };
		976BE62C28EB1CCA0021FE1F /* Assets.xcassets */ = {isa = PBXFileReference; lastKnownFileType = folder.assetcatalog; path = Assets.xcassets; sourceTree = "<group>"; };
		976BE62F28EB1CCB0021FE1F /* Base */ = {isa = PBXFileReference; lastKnownFileType = file.storyboard; name = Base; path = Base.lproj/LaunchScreen.storyboard; sourceTree = "<group>"; };
		976BE63128EB1CCB0021FE1F /* Info.plist */ = {isa = PBXFileReference; lastKnownFileType = text.plist.xml; path = Info.plist; sourceTree = "<group>"; };
		976BE63628EB1CCB0021FE1F /* RandomPhotoTests.xctest */ = {isa = PBXFileReference; explicitFileType = wrapper.cfbundle; includeInIndex = 0; path = RandomPhotoTests.xctest; sourceTree = BUILT_PRODUCTS_DIR; };
		976BE63A28EB1CCB0021FE1F /* RandomPhotoTests.swift */ = {isa = PBXFileReference; lastKnownFileType = sourcecode.swift; path = RandomPhotoTests.swift; sourceTree = "<group>"; };
		976BE63C28EB1CCB0021FE1F /* Info.plist */ = {isa = PBXFileReference; lastKnownFileType = text.plist.xml; path = Info.plist; sourceTree = "<group>"; };
		976BE64128EB1CCB0021FE1F /* RandomPhotoUITests.xctest */ = {isa = PBXFileReference; explicitFileType = wrapper.cfbundle; includeInIndex = 0; path = RandomPhotoUITests.xctest; sourceTree = BUILT_PRODUCTS_DIR; };
		976BE64528EB1CCB0021FE1F /* RandomPhotoUITests.swift */ = {isa = PBXFileReference; lastKnownFileType = sourcecode.swift; path = RandomPhotoUITests.swift; sourceTree = "<group>"; };
		976BE64728EB1CCB0021FE1F /* Info.plist */ = {isa = PBXFileReference; lastKnownFileType = text.plist.xml; path = Info.plist; sourceTree = "<group>"; };
/* End PBXFileReference section */

/* Begin PBXFrameworksBuildPhase section */
		976BE61D28EB1CC50021FE1F /* Frameworks */ = {
			isa = PBXFrameworksBuildPhase;
			buildActionMask = 2147483647;
			files = (
			);
			runOnlyForDeploymentPostprocessing = 0;
		};
		976BE63328EB1CCB0021FE1F /* Frameworks */ = {
			isa = PBXFrameworksBuildPhase;
			buildActionMask = 2147483647;
			files = (
			);
			runOnlyForDeploymentPostprocessing = 0;
		};
		976BE63E28EB1CCB0021FE1F /* Frameworks */ = {
			isa = PBXFrameworksBuildPhase;
			buildActionMask = 2147483647;
			files = (
			);
			runOnlyForDeploymentPostprocessing = 0;
		};
/* End PBXFrameworksBuildPhase section */

/* Begin PBXGroup section */
		976BE61728EB1CC50021FE1F = {
			isa = PBXGroup;
			children = (
				976BE62228EB1CC50021FE1F /* RandomPhoto */,
				976BE63928EB1CCB0021FE1F /* RandomPhotoTests */,
				976BE64428EB1CCB0021FE1F /* RandomPhotoUITests */,
				976BE62128EB1CC50021FE1F /* Products */,
			);
			sourceTree = "<group>";
		};
		976BE62128EB1CC50021FE1F /* Products */ = {
			isa = PBXGroup;
			children = (
				976BE62028EB1CC50021FE1F /* RandomPhoto.app */,
				976BE63628EB1CCB0021FE1F /* RandomPhotoTests.xctest */,
				976BE64128EB1CCB0021FE1F /* RandomPhotoUITests.xctest */,
			);
			name = Products;
			sourceTree = "<group>";
		};
		976BE62228EB1CC50021FE1F /* RandomPhoto */ = {
			isa = PBXGroup;
			children = (
				976BE62328EB1CC50021FE1F /* AppDelegate.swift */,
				976BE62528EB1CC50021FE1F /* SceneDelegate.swift */,
				976BE62728EB1CC50021FE1F /* ViewController.swift */,
				976BE62928EB1CC50021FE1F /* Main.storyboard */,
				976BE62C28EB1CCA0021FE1F /* Assets.xcassets */,
				976BE62E28EB1CCB0021FE1F /* LaunchScreen.storyboard */,
				976BE63128EB1CCB0021FE1F /* Info.plist */,
			);
			path = RandomPhoto;
			sourceTree = "<group>";
		};
		976BE63928EB1CCB0021FE1F /* RandomPhotoTests */ = {
			isa = PBXGroup;
			children = (
				976BE63A28EB1CCB0021FE1F /* RandomPhotoTests.swift */,
				976BE63C28EB1CCB0021FE1F /* Info.plist */,
			);
			path = RandomPhotoTests;
			sourceTree = "<group>";
		};
		976BE64428EB1CCB0021FE1F /* RandomPhotoUITests */ = {
			isa = PBXGroup;
			children = (
				976BE64528EB1CCB0021FE1F /* RandomPhotoUITests.swift */,
				976BE64728EB1CCB0021FE1F /* Info.plist */,
			);
			path = RandomPhotoUITests;
			sourceTree = "<group>";
		};
/* End PBXGroup section */

/* Begin PBXNativeTarget section */
		976BE61F28EB1CC50021FE1F /* RandomPhoto */ = {
			isa = PBXNativeTarget;
			buildConfigurationList = 976BE64A28EB1CCB0021FE1F /* Build configuration list for PBXNativeTarget "RandomPhoto" */;
			buildPhases = (
				976BE61C28EB1CC50021FE1F /* Sources */,
				976BE61D28EB1CC50021FE1F /* Frameworks */,
				976BE61E28EB1CC50021FE1F /* Resources */,
			);
			buildRules = (
			);
			dependencies = (
			);
			name = RandomPhoto;
			productName = RandomPhoto;
			productReference = 976BE62028EB1CC50021FE1F /* RandomPhoto.app */;
			productType = "com.apple.product-type.application";
		};
		976BE63528EB1CCB0021FE1F /* RandomPhotoTests */ = {
			isa = PBXNativeTarget;
			buildConfigurationList = 976BE64D28EB1CCB0021FE1F /* Build configuration list for PBXNativeTarget "RandomPhotoTests" */;
			buildPhases = (
				976BE63228EB1CCB0021FE1F /* Sources */,
				976BE63328EB1CCB0021FE1F /* Frameworks */,
				976BE63428EB1CCB0021FE1F /* Resources */,
			);
			buildRules = (
			);
			dependencies = (
				976BE63828EB1CCB0021FE1F /* PBXTargetDependency */,
			);
			name = RandomPhotoTests;
			productName = RandomPhotoTests;
			productReference = 976BE63628EB1CCB0021FE1F /* RandomPhotoTests.xctest */;
			productType = "com.apple.product-type.bundle.unit-test";
		};
		976BE64028EB1CCB0021FE1F /* RandomPhotoUITests */ = {
			isa = PBXNativeTarget;
			buildConfigurationList = 976BE65028EB1CCB0021FE1F /* Build configuration list for PBXNativeTarget "RandomPhotoUITests" */;
			buildPhases = (
				976BE63D28EB1CCB0021FE1F /* Sources */,
				976BE63E28EB1CCB0021FE1F /* Frameworks */,
				976BE63F28EB1CCB0021FE1F /* Resources */,
			);
			buildRules = (
			);
			dependencies = (
				976BE64328EB1CCB0021FE1F /* PBXTargetDependency */,
			);
			name = RandomPhotoUITests;
			productName = RandomPhotoUITests;
			productReference = 976BE64128EB1CCB0021FE1F /* RandomPhotoUITests.xctest */;
			productType = "com.apple.product-type.bundle.ui-testing";
		};
/* End PBXNativeTarget section */

/* Begin PBXProject section */
		976BE61828EB1CC50021FE1F /* Project object */ = {
			isa = PBXProject;
			attributes = {
				LastSwiftUpdateCheck = 1210;
				LastUpgradeCheck = 1210;
				TargetAttributes = {
					976BE61F28EB1CC50021FE1F = {
						CreatedOnToolsVersion = 12.1;
					};
					976BE63528EB1CCB0021FE1F = {
						CreatedOnToolsVersion = 12.1;
						TestTargetID = 976BE61F28EB1CC50021FE1F;
					};
					976BE64028EB1CCB0021FE1F = {
						CreatedOnToolsVersion = 12.1;
						TestTargetID = 976BE61F28EB1CC50021FE1F;
					};
				};
			};
			buildConfigurationList = 976BE61B28EB1CC50021FE1F /* Build configuration list for PBXProject "RandomPhoto" */;
			compatibilityVersion = "Xcode 9.3";
			developmentRegion = en;
			hasScannedForEncodings = 0;
			knownRegions = (
				en,
				Base,
			);
			mainGroup = 976BE61728EB1CC50021FE1F;
			productRefGroup = 976BE62128EB1CC50021FE1F /* Products */;
			projectDirPath = "";
			projectRoot = "";
			targets = (
				976BE61F28EB1CC50021FE1F /* RandomPhoto */,
				976BE63528EB1CCB0021FE1F /* RandomPhotoTests */,
				976BE64028EB1CCB0021FE1F /* RandomPhotoUITests */,
			);
		};
/* End PBXProject section */

/* Begin PBXResourcesBuildPhase section */
		976BE61E28EB1CC50021FE1F /* Resources */ = {
			isa = PBXResourcesBuildPhase;
			buildActionMask = 2147483647;
			files = (
				976BE63028EB1CCB0021FE1F /* LaunchScreen.storyboard in Resources */,
				976BE62D28EB1CCA0021FE1F /* Assets.xcassets in Resources */,
				976BE62B28EB1CC50021FE1F /* Main.storyboard in Resources */,
			);
			runOnlyForDeploymentPostprocessing = 0;
		};
		976BE63428EB1CCB0021FE1F /* Resources */ = {
			isa = PBXResourcesBuildPhase;
			buildActionMask = 2147483647;
			files = (
			);
			runOnlyForDeploymentPostprocessing = 0;
		};
		976BE63F28EB1CCB0021FE1F /* Resources */ = {
			isa = PBXResourcesBuildPhase;
			buildActionMask = 2147483647;
			files = (
			);
			runOnlyForDeploymentPostprocessing = 0;
		};
/* End PBXResourcesBuildPhase section */

/* Begin PBXSourcesBuildPhase section */
		976BE61C28EB1CC50021FE1F /* Sources */ = {
			isa = PBXSourcesBuildPhase;
			buildActionMask = 2147483647;
			files = (
				976BE62828EB1CC50021FE1F /* ViewController.swift in Sources */,
				976BE62428EB1CC50021FE1F /* AppDelegate.swift in Sources */,
				976BE62628EB1CC50021FE1F /* SceneDelegate.swift in Sources */,
			);
			runOnlyForDeploymentPostprocessing = 0;
		};
		976BE63228EB1CCB0021FE1F /* Sources */ = {
			isa = PBXSourcesBuildPhase;
			buildActionMask = 2147483647;
			files = (
				976BE63B28EB1CCB0021FE1F /* RandomPhotoTests.swift in Sources */,
			);
			runOnlyForDeploymentPostprocessing = 0;
		};
		976BE63D28EB1CCB0021FE1F /* Sources */ = {
			isa = PBXSourcesBuildPhase;
			buildActionMask = 2147483647;
			files = (
				976BE64628EB1CCB0021FE1F /* RandomPhotoUITests.swift in Sources */,
			);
			runOnlyForDeploymentPostprocessing = 0;
		};
/* End PBXSourcesBuildPhase section */

/* Begin PBXTargetDependency section */
		976BE63828EB1CCB0021FE1F /* PBXTargetDependency */ = {
			isa = PBXTargetDependency;
			target = 976BE61F28EB1CC50021FE1F /* RandomPhoto */;
			targetProxy = 976BE63728EB1CCB0021FE1F /* PBXContainerItemProxy */;
		};
		976BE64328EB1CCB0021FE1F /* PBXTargetDependency */ = {
			isa = PBXTargetDependency;
			target = 976BE61F28EB1CC50021FE1F /* RandomPhoto */;
			targetProxy = 976BE64228EB1CCB0021FE1F /* PBXContainerItemProxy */;
		};
/* End PBXTargetDependency section */

/* Begin PBXVariantGroup section */
		976BE62928EB1CC50021FE1F /* Main.storyboard */ = {
			isa = PBXVariantGroup;
			children = (
				976BE62A28EB1CC50021FE1F /* Base */,
			);
			name = Main.storyboard;
			sourceTree = "<group>";
		};
		976BE62E28EB1CCB0021FE1F /* LaunchScreen.storyboard */ = {
			isa = PBXVariantGroup;
			children = (
				976BE62F28EB1CCB0021FE1F /* Base */,
			);
			name = LaunchScreen.storyboard;
			sourceTree = "<group>";
		};
/* End PBXVariantGroup section */

/* Begin XCBuildConfiguration section */
		976BE64828EB1CCB0021FE1F /* Debug */ = {
			isa = XCBuildConfiguration;
			buildSettings = {
				ALWAYS_SEARCH_USER_PATHS = NO;
				CLANG_ANALYZER_NONNULL = YES;
				CLANG_ANALYZER_NUMBER_OBJECT_CONVERSION = YES_AGGRESSIVE;
				CLANG_CXX_LANGUAGE_STANDARD = "gnu++14";
				CLANG_CXX_LIBRARY = "libc++";
				CLANG_ENABLE_MODULES = YES;
				CLANG_ENABLE_OBJC_ARC = YES;
				CLANG_ENABLE_OBJC_WEAK = YES;
				CLANG_WARN_BLOCK_CAPTURE_AUTORELEASING = YES;
				CLANG_WARN_BOOL_CONVERSION = YES;
				CLANG_WARN_COMMA = YES;
				CLANG_WARN_CONSTANT_CONVERSION = YES;
				CLANG_WARN_DEPRECATED_OBJC_IMPLEMENTATIONS = YES;
				CLANG_WARN_DIRECT_OBJC_ISA_USAGE = YES_ERROR;
				CLANG_WARN_DOCUMENTATION_COMMENTS = YES;
				CLANG_WARN_EMPTY_BODY = YES;
				CLANG_WARN_ENUM_CONVERSION = YES;
				CLANG_WARN_INFINITE_RECURSION = YES;
				CLANG_WARN_INT_CONVERSION = YES;
				CLANG_WARN_NON_LITERAL_NULL_CONVERSION = YES;
				CLANG_WARN_OBJC_IMPLICIT_RETAIN_SELF = YES;
				CLANG_WARN_OBJC_LITERAL_CONVERSION = YES;
				CLANG_WARN_OBJC_ROOT_CLASS = YES_ERROR;
				CLANG_WARN_QUOTED_INCLUDE_IN_FRAMEWORK_HEADER = YES;
				CLANG_WARN_RANGE_LOOP_ANALYSIS = YES;
				CLANG_WARN_STRICT_PROTOTYPES = YES;
				CLANG_WARN_SUSPICIOUS_MOVE = YES;
				CLANG_WARN_UNGUARDED_AVAILABILITY = YES_AGGRESSIVE;
				CLANG_WARN_UNREACHABLE_CODE = YES;
				CLANG_WARN__DUPLICATE_METHOD_MATCH = YES;
				COPY_PHASE_STRIP = NO;
				DEBUG_INFORMATION_FORMAT = dwarf;
				ENABLE_STRICT_OBJC_MSGSEND = YES;
				ENABLE_TESTABILITY = YES;
				GCC_C_LANGUAGE_STANDARD = gnu11;
				GCC_DYNAMIC_NO_PIC = NO;
				GCC_NO_COMMON_BLOCKS = YES;
				GCC_OPTIMIZATION_LEVEL = 0;
				GCC_PREPROCESSOR_DEFINITIONS = (
					"DEBUG=1",
					"$(inherited)",
				);
				GCC_WARN_64_TO_32_BIT_CONVERSION = YES;
				GCC_WARN_ABOUT_RETURN_TYPE = YES_ERROR;
				GCC_WARN_UNDECLARED_SELECTOR = YES;
				GCC_WARN_UNINITIALIZED_AUTOS = YES_AGGRESSIVE;
				GCC_WARN_UNUSED_FUNCTION = YES;
				GCC_WARN_UNUSED_VARIABLE = YES;
				IPHONEOS_DEPLOYMENT_TARGET = 14.1;
				MTL_ENABLE_DEBUG_INFO = INCLUDE_SOURCE;
				MTL_FAST_MATH = YES;
				ONLY_ACTIVE_ARCH = YES;
				SDKROOT = iphoneos;
				SWIFT_ACTIVE_COMPILATION_CONDITIONS = DEBUG;
				SWIFT_OPTIMIZATION_LEVEL = "-Onone";
			};
			name = Debug;
		};
		976BE64928EB1CCB0021FE1F /* Release */ = {
			isa = XCBuildConfiguration;
			buildSettings = {
				ALWAYS_SEARCH_USER_PATHS = NO;
				CLANG_ANALYZER_NONNULL = YES;
				CLANG_ANALYZER_NUMBER_OBJECT_CONVERSION = YES_AGGRESSIVE;
				CLANG_CXX_LANGUAGE_STANDARD = "gnu++14";
				CLANG_CXX_LIBRARY = "libc++";
				CLANG_ENABLE_MODULES = YES;
				CLANG_ENABLE_OBJC_ARC = YES;
				CLANG_ENABLE_OBJC_WEAK = YES;
				CLANG_WARN_BLOCK_CAPTURE_AUTORELEASING = YES;
				CLANG_WARN_BOOL_CONVERSION = YES;
				CLANG_WARN_COMMA = YES;
				CLANG_WARN_CONSTANT_CONVERSION = YES;
				CLANG_WARN_DEPRECATED_OBJC_IMPLEMENTATIONS = YES;
				CLANG_WARN_DIRECT_OBJC_ISA_USAGE = YES_ERROR;
				CLANG_WARN_DOCUMENTATION_COMMENTS = YES;
				CLANG_WARN_EMPTY_BODY = YES;
				CLANG_WARN_ENUM_CONVERSION = YES;
				CLANG_WARN_INFINITE_RECURSION = YES;
				CLANG_WARN_INT_CONVERSION = YES;
				CLANG_WARN_NON_LITERAL_NULL_CONVERSION = YES;
				CLANG_WARN_OBJC_IMPLICIT_RETAIN_SELF = YES;
				CLANG_WARN_OBJC_LITERAL_CONVERSION = YES;
				CLANG_WARN_OBJC_ROOT_CLASS = YES_ERROR;
				CLANG_WARN_QUOTED_INCLUDE_IN_FRAMEWORK_HEADER = YES;
				CLANG_WARN_RANGE_LOOP_ANALYSIS = YES;
				CLANG_WARN_STRICT_PROTOTYPES = YES;
				CLANG_WARN_SUSPICIOUS_MOVE = YES;
				CLANG_WARN_UNGUARDED_AVAILABILITY = YES_AGGRESSIVE;
				CLANG_WARN_UNREACHABLE_CODE = YES;
				CLANG_WARN__DUPLICATE_METHOD_MATCH = YES;
				COPY_PHASE_STRIP = NO;
				DEBUG_INFORMATION_FORMAT = "dwarf-with-dsym";
				ENABLE_NS_ASSERTIONS = NO;
				ENABLE_STRICT_OBJC_MSGSEND = YES;
				GCC_C_LANGUAGE_STANDARD = gnu11;
				GCC_NO_COMMON_BLOCKS = YES;
				GCC_WARN_64_TO_32_BIT_CONVERSION = YES;
				GCC_WARN_ABOUT_RETURN_TYPE = YES_ERROR;
				GCC_WARN_UNDECLARED_SELECTOR = YES;
				GCC_WARN_UNINITIALIZED_AUTOS = YES_AGGRESSIVE;
				GCC_WARN_UNUSED_FUNCTION = YES;
				GCC_WARN_UNUSED_VARIABLE = YES;
				IPHONEOS_DEPLOYMENT_TARGET = 14.1;
				MTL_ENABLE_DEBUG_INFO = NO;
				MTL_FAST_MATH = YES;
				SDKROOT = iphoneos;
				SWIFT_COMPILATION_MODE = wholemodule;
				SWIFT_OPTIMIZATION_LEVEL = "-O";
				VALIDATE_PRODUCT = YES;
			};
			name = Release;
		};
		976BE64B28EB1CCB0021FE1F /* Debug */ = {
			isa = XCBuildConfiguration;
			buildSettings = {
				ASSETCATALOG_COMPILER_APPICON_NAME = AppIcon;
				ASSETCATALOG_COMPILER_GLOBAL_ACCENT_COLOR_NAME = AccentColor;
				CODE_SIGN_STYLE = Automatic;
				INFOPLIST_FILE = RandomPhoto/Info.plist;
				LD_RUNPATH_SEARCH_PATHS = (
					"$(inherited)",
					"@executable_path/Frameworks",
				);
				PRODUCT_BUNDLE_IDENTIFIER = swiftseries.RandomPhoto;
				PRODUCT_NAME = "$(TARGET_NAME)";
				SWIFT_VERSION = 5.0;
				TARGETED_DEVICE_FAMILY = "1,2";
			};
			name = Debug;
		};
		976BE64C28EB1CCB0021FE1F /* Release */ = {
			isa = XCBuildConfiguration;
			buildSettings = {
				ASSETCATALOG_COMPILER_APPICON_NAME = AppIcon;
				ASSETCATALOG_COMPILER_GLOBAL_ACCENT_COLOR_NAME = AccentColor;
				CODE_SIGN_STYLE = Automatic;
				INFOPLIST_FILE = RandomPhoto/Info.plist;
				LD_RUNPATH_SEARCH_PATHS = (
					"$(inherited)",
					"@executable_path/Frameworks",
				);
				PRODUCT_BUNDLE_IDENTIFIER = swiftseries.RandomPhoto;
				PRODUCT_NAME = "$(TARGET_NAME)";
				SWIFT_VERSION = 5.0;
				TARGETED_DEVICE_FAMILY = "1,2";
			};
			name = Release;
		};
		976BE64E28EB1CCB0021FE1F /* Debug */ = {
			isa = XCBuildConfiguration;
			buildSettings = {
				ALWAYS_EMBED_SWIFT_STANDARD_LIBRARIES = YES;
				BUNDLE_LOADER = "$(TEST_HOST)";
				CODE_SIGN_STYLE = Automatic;
				INFOPLIST_FILE = RandomPhotoTests/Info.plist;
				IPHONEOS_DEPLOYMENT_TARGET = 14.1;
				LD_RUNPATH_SEARCH_PATHS = (
					"$(inherited)",
					"@executable_path/Frameworks",
					"@loader_path/Frameworks",
				);
				PRODUCT_BUNDLE_IDENTIFIER = swiftseries.RandomPhotoTests;
				PRODUCT_NAME = "$(TARGET_NAME)";
				SWIFT_VERSION = 5.0;
				TARGETED_DEVICE_FAMILY = "1,2";
				TEST_HOST = "$(BUILT_PRODUCTS_DIR)/RandomPhoto.app/RandomPhoto";
			};
			name = Debug;
		};
		976BE64F28EB1CCB0021FE1F /* Release */ = {
			isa = XCBuildConfiguration;
			buildSettings = {
				ALWAYS_EMBED_SWIFT_STANDARD_LIBRARIES = YES;
				BUNDLE_LOADER = "$(TEST_HOST)";
				CODE_SIGN_STYLE = Automatic;
				INFOPLIST_FILE = RandomPhotoTests/Info.plist;
				IPHONEOS_DEPLOYMENT_TARGET = 14.1;
				LD_RUNPATH_SEARCH_PATHS = (
					"$(inherited)",
					"@executable_path/Frameworks",
					"@loader_path/Frameworks",
				);
				PRODUCT_BUNDLE_IDENTIFIER = swiftseries.RandomPhotoTests;
				PRODUCT_NAME = "$(TARGET_NAME)";
				SWIFT_VERSION = 5.0;
				TARGETED_DEVICE_FAMILY = "1,2";
				TEST_HOST = "$(BUILT_PRODUCTS_DIR)/RandomPhoto.app/RandomPhoto";
			};
			name = Release;
		};
		976BE65128EB1CCB0021FE1F /* Debug */ = {
			isa = XCBuildConfiguration;
			buildSettings = {
				ALWAYS_EMBED_SWIFT_STANDARD_LIBRARIES = YES;
				CODE_SIGN_STYLE = Automatic;
				INFOPLIST_FILE = RandomPhotoUITests/Info.plist;
				LD_RUNPATH_SEARCH_PATHS = (
					"$(inherited)",
					"@executable_path/Frameworks",
					"@loader_path/Frameworks",
				);
				PRODUCT_BUNDLE_IDENTIFIER = swiftseries.RandomPhotoUITests;
				PRODUCT_NAME = "$(TARGET_NAME)";
				SWIFT_VERSION = 5.0;
				TARGETED_DEVICE_FAMILY = "1,2";
				TEST_TARGET_NAME = RandomPhoto;
			};
			name = Debug;
		};
		976BE65228EB1CCB0021FE1F /* Release */ = {
			isa = XCBuildConfiguration;
			buildSettings = {
				ALWAYS_EMBED_SWIFT_STANDARD_LIBRARIES = YES;
				CODE_SIGN_STYLE = Automatic;
				INFOPLIST_FILE = RandomPhotoUITests/Info.plist;
				LD_RUNPATH_SEARCH_PATHS = (
					"$(inherited)",
					"@executable_path/Frameworks",
					"@loader_path/Frameworks",
				);
				PRODUCT_BUNDLE_IDENTIFIER = swiftseries.RandomPhotoUITests;
				PRODUCT_NAME = "$(TARGET_NAME)";
				SWIFT_VERSION = 5.0;
				TARGETED_DEVICE_FAMILY = "1,2";
				TEST_TARGET_NAME = RandomPhoto;
			};
			name = Release;
		};
/* End XCBuildConfiguration section */

/* Begin XCConfigurationList section */
		976BE61B28EB1CC50021FE1F /* Build configuration list for PBXProject "RandomPhoto" */ = {
			isa = XCConfigurationList;
			buildConfigurations = (
				976BE64828EB1CCB0021FE1F /* Debug */,
				976BE64928EB1CCB0021FE1F /* Release */,
			);
			defaultConfigurationIsVisible = 0;
			defaultConfigurationName = Release;
		};
		976BE64A28EB1CCB0021FE1F /* Build configuration list for PBXNativeTarget "RandomPhoto" */ = {
			isa = XCConfigurationList;
			buildConfigurations = (
				976BE64B28EB1CCB0021FE1F /* Debug */,
				976BE64C28EB1CCB0021FE1F /* Release */,
			);
			defaultConfigurationIsVisible = 0;
			defaultConfigurationName = Release;
		};
		976BE64D28EB1CCB0021FE1F /* Build configuration list for PBXNativeTarget "RandomPhotoTests" */ = {
			isa = XCConfigurationList;
			buildConfigurations = (
				976BE64E28EB1CCB0021FE1F /* Debug */,
				976BE64F28EB1CCB0021FE1F /* Release */,
			);
			defaultConfigurationIsVisible = 0;
			defaultConfigurationName = Release;
		};
		976BE65028EB1CCB0021FE1F /* Build configuration list for PBXNativeTarget "RandomPhotoUITests" */ = {
			isa = XCConfigurationList;
			buildConfigurations = (
				976BE65128EB1CCB0021FE1F /* Debug */,
				976BE65228EB1CCB0021FE1F /* Release */,
			);
			defaultConfigurationIsVisible = 0;
			defaultConfigurationName = Release;
		};
/* End XCConfigurationList section */
	};
	rootObject = 976BE61828EB1CC50021FE1F /* Project object */;
}
